// !$*UTF8*$!
{
	archiveVersion = 1;
	classes = {
	};
	objectVersion = 56;
	objects = {

/* Begin PBXBuildFile section */
		416514A02DA6F9DA00B35A03 /* EstatePhotoEntity.swift in Sources */ = {isa = PBXBuildFile; fileRef = 4165149E2DA6F9DA00B35A03 /* EstatePhotoEntity.swift */; };
		41652A2C2DA5701C00213163 /* EliteTestApp.swift in Sources */ = {isa = PBXBuildFile; fileRef = 41652A2B2DA5701C00213163 /* EliteTestApp.swift */; };
		41652A302DA5701F00213163 /* Assets.xcassets in Resources */ = {isa = PBXBuildFile; fileRef = 41652A2F2DA5701F00213163 /* Assets.xcassets */; };
		41652A332DA5701F00213163 /* Preview Assets.xcassets in Resources */ = {isa = PBXBuildFile; fileRef = 41652A322DA5701F00213163 /* Preview Assets.xcassets */; };
		41652A382DA5701F00213163 /* EliteTest.xcdatamodeld in Sources */ = {isa = PBXBuildFile; fileRef = 41652A362DA5701F00213163 /* EliteTest.xcdatamodeld */; };
		41652A422DA5701F00213163 /* EliteTestTests.swift in Sources */ = {isa = PBXBuildFile; fileRef = 41652A412DA5701F00213163 /* EliteTestTests.swift */; };
		41652A4C2DA5702000213163 /* EliteTestUITests.swift in Sources */ = {isa = PBXBuildFile; fileRef = 41652A4B2DA5702000213163 /* EliteTestUITests.swift */; };
		41652A4E2DA5702000213163 /* EliteTestUITestsLaunchTests.swift in Sources */ = {isa = PBXBuildFile; fileRef = 41652A4D2DA5702000213163 /* EliteTestUITestsLaunchTests.swift */; };
		41652A642DA5747600213163 /* AddEstateView.swift in Sources */ = {isa = PBXBuildFile; fileRef = 41652A632DA5747600213163 /* AddEstateView.swift */; };
		41652A682DA5749900213163 /* AddEstateViewModel.swift in Sources */ = {isa = PBXBuildFile; fileRef = 41652A672DA5749900213163 /* AddEstateViewModel.swift */; };
		41652A6A2DA575F500213163 /* HeaderView.swift in Sources */ = {isa = PBXBuildFile; fileRef = 41652A692DA575F500213163 /* HeaderView.swift */; };
		41652A6D2DA5764400213163 /* EstateModel.swift in Sources */ = {isa = PBXBuildFile; fileRef = 41652A6C2DA5764400213163 /* EstateModel.swift */; };
		41652A702DA576AC00213163 /* PersistenceController.swift in Sources */ = {isa = PBXBuildFile; fileRef = 41652A6F2DA576AC00213163 /* PersistenceController.swift */; };
		41652A732DA57AD300213163 /* EstateRepositoryProtocol.swift in Sources */ = {isa = PBXBuildFile; fileRef = 41652A722DA57AD300213163 /* EstateRepositoryProtocol.swift */; };
		41652A762DA57B5A00213163 /* EstateRepository.swift in Sources */ = {isa = PBXBuildFile; fileRef = 41652A752DA57B5A00213163 /* EstateRepository.swift */; };
		41652A792DA57C3200213163 /* EstateEntity.swift in Sources */ = {isa = PBXBuildFile; fileRef = 41652A772DA57C3200213163 /* EstateEntity.swift */; };
		416F079A2DA585C700AF61B1 /* ViewExtensions.swift in Sources */ = {isa = PBXBuildFile; fileRef = 416F07992DA585C700AF61B1 /* ViewExtensions.swift */; };
		4186A4222DA5B97500983978 /* StepperFieldView.swift in Sources */ = {isa = PBXBuildFile; fileRef = 4186A4212DA5B97500983978 /* StepperFieldView.swift */; };
		4186A4262DA5C54900983978 /* TextEditorView.swift in Sources */ = {isa = PBXBuildFile; fileRef = 4186A4252DA5C54900983978 /* TextEditorView.swift */; };
		4186A42F2DA5EA5200983978 /* GoogleMaps in Frameworks */ = {isa = PBXBuildFile; productRef = 4186A42E2DA5EA5200983978 /* GoogleMaps */; };
		4186A4312DA5EBBB00983978 /* GoogleMapView.swift in Sources */ = {isa = PBXBuildFile; fileRef = 4186A4302DA5EBBB00983978 /* GoogleMapView.swift */; };
		4186A4332DA5EE0700983978 /* LocationManager.swift in Sources */ = {isa = PBXBuildFile; fileRef = 4186A4322DA5EE0700983978 /* LocationManager.swift */; };
		4186A4352DA5FB2200983978 /* ImagePicker.swift in Sources */ = {isa = PBXBuildFile; fileRef = 4186A4342DA5FB2200983978 /* ImagePicker.swift */; };
		4186A4372DA5FFCE00983978 /* ImageGridView.swift in Sources */ = {isa = PBXBuildFile; fileRef = 4186A4362DA5FFCE00983978 /* ImageGridView.swift */; };
/* End PBXBuildFile section */

/* Begin PBXContainerItemProxy section */
		41652A3E2DA5701F00213163 /* PBXContainerItemProxy */ = {
			isa = PBXContainerItemProxy;
			containerPortal = 41652A202DA5701C00213163 /* Project object */;
			proxyType = 1;
			remoteGlobalIDString = 41652A272DA5701C00213163;
			remoteInfo = EliteTest;
		};
		41652A482DA5702000213163 /* PBXContainerItemProxy */ = {
			isa = PBXContainerItemProxy;
			containerPortal = 41652A202DA5701C00213163 /* Project object */;
			proxyType = 1;
			remoteGlobalIDString = 41652A272DA5701C00213163;
			remoteInfo = EliteTest;
		};
/* End PBXContainerItemProxy section */

/* Begin PBXFileReference section */
		4165149E2DA6F9DA00B35A03 /* EstatePhotoEntity.swift */ = {isa = PBXFileReference; lastKnownFileType = sourcecode.swift; path = EstatePhotoEntity.swift; sourceTree = "<group>"; };
		41652A282DA5701C00213163 /* EliteTest.app */ = {isa = PBXFileReference; explicitFileType = wrapper.application; includeInIndex = 0; path = EliteTest.app; sourceTree = BUILT_PRODUCTS_DIR; };
		41652A2B2DA5701C00213163 /* EliteTestApp.swift */ = {isa = PBXFileReference; lastKnownFileType = sourcecode.swift; path = EliteTestApp.swift; sourceTree = "<group>"; };
		41652A2F2DA5701F00213163 /* Assets.xcassets */ = {isa = PBXFileReference; lastKnownFileType = folder.assetcatalog; path = Assets.xcassets; sourceTree = "<group>"; };
		41652A322DA5701F00213163 /* Preview Assets.xcassets */ = {isa = PBXFileReference; lastKnownFileType = folder.assetcatalog; path = "Preview Assets.xcassets"; sourceTree = "<group>"; };
		41652A372DA5701F00213163 /* EliteTest.xcdatamodel */ = {isa = PBXFileReference; lastKnownFileType = wrapper.xcdatamodel; path = EliteTest.xcdatamodel; sourceTree = "<group>"; };
		41652A3D2DA5701F00213163 /* EliteTestTests.xctest */ = {isa = PBXFileReference; explicitFileType = wrapper.cfbundle; includeInIndex = 0; path = EliteTestTests.xctest; sourceTree = BUILT_PRODUCTS_DIR; };
		41652A412DA5701F00213163 /* EliteTestTests.swift */ = {isa = PBXFileReference; lastKnownFileType = sourcecode.swift; path = EliteTestTests.swift; sourceTree = "<group>"; };
		41652A472DA5702000213163 /* EliteTestUITests.xctest */ = {isa = PBXFileReference; explicitFileType = wrapper.cfbundle; includeInIndex = 0; path = EliteTestUITests.xctest; sourceTree = BUILT_PRODUCTS_DIR; };
		41652A4B2DA5702000213163 /* EliteTestUITests.swift */ = {isa = PBXFileReference; lastKnownFileType = sourcecode.swift; path = EliteTestUITests.swift; sourceTree = "<group>"; };
		41652A4D2DA5702000213163 /* EliteTestUITestsLaunchTests.swift */ = {isa = PBXFileReference; lastKnownFileType = sourcecode.swift; path = EliteTestUITestsLaunchTests.swift; sourceTree = "<group>"; };
		41652A632DA5747600213163 /* AddEstateView.swift */ = {isa = PBXFileReference; lastKnownFileType = sourcecode.swift; path = AddEstateView.swift; sourceTree = "<group>"; };
		41652A672DA5749900213163 /* AddEstateViewModel.swift */ = {isa = PBXFileReference; lastKnownFileType = sourcecode.swift; path = AddEstateViewModel.swift; sourceTree = "<group>"; };
		41652A692DA575F500213163 /* HeaderView.swift */ = {isa = PBXFileReference; lastKnownFileType = sourcecode.swift; path = HeaderView.swift; sourceTree = "<group>"; };
		41652A6C2DA5764400213163 /* EstateModel.swift */ = {isa = PBXFileReference; lastKnownFileType = sourcecode.swift; path = EstateModel.swift; sourceTree = "<group>"; };
		41652A6F2DA576AC00213163 /* PersistenceController.swift */ = {isa = PBXFileReference; lastKnownFileType = sourcecode.swift; path = PersistenceController.swift; sourceTree = "<group>"; };
		41652A722DA57AD300213163 /* EstateRepositoryProtocol.swift */ = {isa = PBXFileReference; lastKnownFileType = sourcecode.swift; path = EstateRepositoryProtocol.swift; sourceTree = "<group>"; };
		41652A752DA57B5A00213163 /* EstateRepository.swift */ = {isa = PBXFileReference; lastKnownFileType = sourcecode.swift; path = EstateRepository.swift; sourceTree = "<group>"; };
		41652A772DA57C3200213163 /* EstateEntity.swift */ = {isa = PBXFileReference; lastKnownFileType = sourcecode.swift; path = EstateEntity.swift; sourceTree = "<group>"; };
		416F07992DA585C700AF61B1 /* ViewExtensions.swift */ = {isa = PBXFileReference; lastKnownFileType = sourcecode.swift; path = ViewExtensions.swift; sourceTree = "<group>"; };
		4186A4212DA5B97500983978 /* StepperFieldView.swift */ = {isa = PBXFileReference; lastKnownFileType = sourcecode.swift; path = StepperFieldView.swift; sourceTree = "<group>"; };
		4186A4252DA5C54900983978 /* TextEditorView.swift */ = {isa = PBXFileReference; lastKnownFileType = sourcecode.swift; path = TextEditorView.swift; sourceTree = "<group>"; };
		4186A4302DA5EBBB00983978 /* GoogleMapView.swift */ = {isa = PBXFileReference; lastKnownFileType = sourcecode.swift; path = GoogleMapView.swift; sourceTree = "<group>"; };
		4186A4322DA5EE0700983978 /* LocationManager.swift */ = {isa = PBXFileReference; lastKnownFileType = sourcecode.swift; path = LocationManager.swift; sourceTree = "<group>"; };
		4186A4342DA5FB2200983978 /* ImagePicker.swift */ = {isa = PBXFileReference; lastKnownFileType = sourcecode.swift; path = ImagePicker.swift; sourceTree = "<group>"; };
		4186A4362DA5FFCE00983978 /* ImageGridView.swift */ = {isa = PBXFileReference; lastKnownFileType = sourcecode.swift; path = ImageGridView.swift; sourceTree = "<group>"; };
/* End PBXFileReference section */

/* Begin PBXFrameworksBuildPhase section */
		41652A252DA5701C00213163 /* Frameworks */ = {
			isa = PBXFrameworksBuildPhase;
			buildActionMask = 2147483647;
			files = (
				4186A42F2DA5EA5200983978 /* GoogleMaps in Frameworks */,
			);
			runOnlyForDeploymentPostprocessing = 0;
		};
		41652A3A2DA5701F00213163 /* Frameworks */ = {
			isa = PBXFrameworksBuildPhase;
			buildActionMask = 2147483647;
			files = (
			);
			runOnlyForDeploymentPostprocessing = 0;
		};
		41652A442DA5702000213163 /* Frameworks */ = {
			isa = PBXFrameworksBuildPhase;
			buildActionMask = 2147483647;
			files = (
			);
			runOnlyForDeploymentPostprocessing = 0;
		};
/* End PBXFrameworksBuildPhase section */

/* Begin PBXGroup section */
		41652A1F2DA5701C00213163 = {
			isa = PBXGroup;
			children = (
				41652A2A2DA5701C00213163 /* EliteTest */,
				41652A402DA5701F00213163 /* EliteTestTests */,
				41652A4A2DA5702000213163 /* EliteTestUITests */,
				41652A292DA5701C00213163 /* Products */,
			);
			sourceTree = "<group>";
		};
		41652A292DA5701C00213163 /* Products */ = {
			isa = PBXGroup;
			children = (
				41652A282DA5701C00213163 /* EliteTest.app */,
				41652A3D2DA5701F00213163 /* EliteTestTests.xctest */,
				41652A472DA5702000213163 /* EliteTestUITests.xctest */,
			);
			name = Products;
			sourceTree = "<group>";
		};
		41652A2A2DA5701C00213163 /* EliteTest */ = {
			isa = PBXGroup;
			children = (
				41652A602DA5728500213163 /* Presentation */,
				41652A5E2DA5725E00213163 /* Utils */,
				41652A5D2DA5722B00213163 /* BaseViews */,
				41652A5C2DA5722600213163 /* Data */,
				41652A5B2DA5722000213163 /* Domain */,
				41652A2B2DA5701C00213163 /* EliteTestApp.swift */,
				41652A2F2DA5701F00213163 /* Assets.xcassets */,
				41652A362DA5701F00213163 /* EliteTest.xcdatamodeld */,
				41652A312DA5701F00213163 /* Preview Content */,
			);
			path = EliteTest;
			sourceTree = "<group>";
		};
		41652A312DA5701F00213163 /* Preview Content */ = {
			isa = PBXGroup;
			children = (
				41652A322DA5701F00213163 /* Preview Assets.xcassets */,
			);
			path = "Preview Content";
			sourceTree = "<group>";
		};
		41652A402DA5701F00213163 /* EliteTestTests */ = {
			isa = PBXGroup;
			children = (
				41652A412DA5701F00213163 /* EliteTestTests.swift */,
			);
			path = EliteTestTests;
			sourceTree = "<group>";
		};
		41652A4A2DA5702000213163 /* EliteTestUITests */ = {
			isa = PBXGroup;
			children = (
				41652A4B2DA5702000213163 /* EliteTestUITests.swift */,
				41652A4D2DA5702000213163 /* EliteTestUITestsLaunchTests.swift */,
			);
			path = EliteTestUITests;
			sourceTree = "<group>";
		};
		41652A5B2DA5722000213163 /* Domain */ = {
			isa = PBXGroup;
			children = (
				41652A712DA57A8B00213163 /* Protocols */,
				41652A6B2DA5763100213163 /* Entities */,
			);
			path = Domain;
			sourceTree = "<group>";
		};
		41652A5C2DA5722600213163 /* Data */ = {
			isa = PBXGroup;
			children = (
				41652A742DA57B1700213163 /* Repositories */,
				41652A6E2DA5769800213163 /* CoreData */,
			);
			path = Data;
			sourceTree = "<group>";
		};
		41652A5D2DA5722B00213163 /* BaseViews */ = {
			isa = PBXGroup;
			children = (
				41652A692DA575F500213163 /* HeaderView.swift */,
				416F07992DA585C700AF61B1 /* ViewExtensions.swift */,
				4186A4212DA5B97500983978 /* StepperFieldView.swift */,
				4186A4252DA5C54900983978 /* TextEditorView.swift */,
				4186A4302DA5EBBB00983978 /* GoogleMapView.swift */,
				4186A4342DA5FB2200983978 /* ImagePicker.swift */,
				4186A4362DA5FFCE00983978 /* ImageGridView.swift */,
			);
			path = BaseViews;
			sourceTree = "<group>";
		};
		41652A5E2DA5725E00213163 /* Utils */ = {
			isa = PBXGroup;
			children = (
				4186A4322DA5EE0700983978 /* LocationManager.swift */,
			);
			path = Utils;
			sourceTree = "<group>";
		};
		41652A602DA5728500213163 /* Presentation */ = {
			isa = PBXGroup;
			children = (
				41652A662DA5748500213163 /* ViewModels */,
				41652A652DA5747F00213163 /* Views */,
			);
			path = Presentation;
			sourceTree = "<group>";
		};
		41652A652DA5747F00213163 /* Views */ = {
			isa = PBXGroup;
			children = (
				41652A632DA5747600213163 /* AddEstateView.swift */,
			);
			path = Views;
			sourceTree = "<group>";
		};
		41652A662DA5748500213163 /* ViewModels */ = {
			isa = PBXGroup;
			children = (
				41652A672DA5749900213163 /* AddEstateViewModel.swift */,
			);
			path = ViewModels;
			sourceTree = "<group>";
		};
		41652A6B2DA5763100213163 /* Entities */ = {
			isa = PBXGroup;
			children = (
				41652A6C2DA5764400213163 /* EstateModel.swift */,
			);
			path = Entities;
			sourceTree = "<group>";
		};
		41652A6E2DA5769800213163 /* CoreData */ = {
			isa = PBXGroup;
			children = (
				4165149E2DA6F9DA00B35A03 /* EstatePhotoEntity.swift */,
				41652A772DA57C3200213163 /* EstateEntity.swift */,
				41652A6F2DA576AC00213163 /* PersistenceController.swift */,
			);
			path = CoreData;
			sourceTree = "<group>";
		};
		41652A712DA57A8B00213163 /* Protocols */ = {
			isa = PBXGroup;
			children = (
				41652A722DA57AD300213163 /* EstateRepositoryProtocol.swift */,
			);
			path = Protocols;
			sourceTree = "<group>";
		};
		41652A742DA57B1700213163 /* Repositories */ = {
			isa = PBXGroup;
			children = (
				41652A752DA57B5A00213163 /* EstateRepository.swift */,
			);
			path = Repositories;
			sourceTree = "<group>";
		};
/* End PBXGroup section */

/* Begin PBXNativeTarget section */
		41652A272DA5701C00213163 /* EliteTest */ = {
			isa = PBXNativeTarget;
			buildConfigurationList = 41652A512DA5702000213163 /* Build configuration list for PBXNativeTarget "EliteTest" */;
			buildPhases = (
				41652A242DA5701C00213163 /* Sources */,
				41652A252DA5701C00213163 /* Frameworks */,
				41652A262DA5701C00213163 /* Resources */,
			);
			buildRules = (
			);
			dependencies = (
			);
			name = EliteTest;
			packageProductDependencies = (
				4186A42E2DA5EA5200983978 /* GoogleMaps */,
			);
			productName = EliteTest;
			productReference = 41652A282DA5701C00213163 /* EliteTest.app */;
			productType = "com.apple.product-type.application";
		};
		41652A3C2DA5701F00213163 /* EliteTestTests */ = {
			isa = PBXNativeTarget;
			buildConfigurationList = 41652A542DA5702000213163 /* Build configuration list for PBXNativeTarget "EliteTestTests" */;
			buildPhases = (
				41652A392DA5701F00213163 /* Sources */,
				41652A3A2DA5701F00213163 /* Frameworks */,
				41652A3B2DA5701F00213163 /* Resources */,
			);
			buildRules = (
			);
			dependencies = (
				41652A3F2DA5701F00213163 /* PBXTargetDependency */,
			);
			name = EliteTestTests;
			productName = EliteTestTests;
			productReference = 41652A3D2DA5701F00213163 /* EliteTestTests.xctest */;
			productType = "com.apple.product-type.bundle.unit-test";
		};
		41652A462DA5702000213163 /* EliteTestUITests */ = {
			isa = PBXNativeTarget;
			buildConfigurationList = 41652A572DA5702000213163 /* Build configuration list for PBXNativeTarget "EliteTestUITests" */;
			buildPhases = (
				41652A432DA5702000213163 /* Sources */,
				41652A442DA5702000213163 /* Frameworks */,
				41652A452DA5702000213163 /* Resources */,
			);
			buildRules = (
			);
			dependencies = (
				41652A492DA5702000213163 /* PBXTargetDependency */,
			);
			name = EliteTestUITests;
			productName = EliteTestUITests;
			productReference = 41652A472DA5702000213163 /* EliteTestUITests.xctest */;
			productType = "com.apple.product-type.bundle.ui-testing";
		};
/* End PBXNativeTarget section */

/* Begin PBXProject section */
		41652A202DA5701C00213163 /* Project object */ = {
			isa = PBXProject;
			attributes = {
				BuildIndependentTargetsInParallel = 1;
				LastSwiftUpdateCheck = 1400;
				LastUpgradeCheck = 1400;
				TargetAttributes = {
					41652A272DA5701C00213163 = {
						CreatedOnToolsVersion = 14.0.1;
					};
					41652A3C2DA5701F00213163 = {
						CreatedOnToolsVersion = 14.0.1;
						TestTargetID = 41652A272DA5701C00213163;
					};
					41652A462DA5702000213163 = {
						CreatedOnToolsVersion = 14.0.1;
						TestTargetID = 41652A272DA5701C00213163;
					};
				};
			};
			buildConfigurationList = 41652A232DA5701C00213163 /* Build configuration list for PBXProject "EliteTest" */;
			compatibilityVersion = "Xcode 14.0";
			developmentRegion = en;
			hasScannedForEncodings = 0;
			knownRegions = (
				en,
				Base,
			);
			mainGroup = 41652A1F2DA5701C00213163;
			packageReferences = (
				4186A42D2DA5EA5200983978 /* XCRemoteSwiftPackageReference "ios-maps-sdk" */,
			);
			productRefGroup = 41652A292DA5701C00213163 /* Products */;
			projectDirPath = "";
			projectRoot = "";
			targets = (
				41652A272DA5701C00213163 /* EliteTest */,
				41652A3C2DA5701F00213163 /* EliteTestTests */,
				41652A462DA5702000213163 /* EliteTestUITests */,
			);
		};
/* End PBXProject section */

/* Begin PBXResourcesBuildPhase section */
		41652A262DA5701C00213163 /* Resources */ = {
			isa = PBXResourcesBuildPhase;
			buildActionMask = 2147483647;
			files = (
				41652A332DA5701F00213163 /* Preview Assets.xcassets in Resources */,
				41652A302DA5701F00213163 /* Assets.xcassets in Resources */,
			);
			runOnlyForDeploymentPostprocessing = 0;
		};
		41652A3B2DA5701F00213163 /* Resources */ = {
			isa = PBXResourcesBuildPhase;
			buildActionMask = 2147483647;
			files = (
			);
			runOnlyForDeploymentPostprocessing = 0;
		};
		41652A452DA5702000213163 /* Resources */ = {
			isa = PBXResourcesBuildPhase;
			buildActionMask = 2147483647;
			files = (
			);
			runOnlyForDeploymentPostprocessing = 0;
		};
/* End PBXResourcesBuildPhase section */

/* Begin PBXSourcesBuildPhase section */
		41652A242DA5701C00213163 /* Sources */ = {
			isa = PBXSourcesBuildPhase;
			buildActionMask = 2147483647;
			files = (
				416F079A2DA585C700AF61B1 /* ViewExtensions.swift in Sources */,
				41652A792DA57C3200213163 /* EstateEntity.swift in Sources */,
				416514A02DA6F9DA00B35A03 /* EstatePhotoEntity.swift in Sources */,
				4186A4332DA5EE0700983978 /* LocationManager.swift in Sources */,
				41652A702DA576AC00213163 /* PersistenceController.swift in Sources */,
				41652A732DA57AD300213163 /* EstateRepositoryProtocol.swift in Sources */,
				4186A4312DA5EBBB00983978 /* GoogleMapView.swift in Sources */,
				4186A4222DA5B97500983978 /* StepperFieldView.swift in Sources */,
				4186A4262DA5C54900983978 /* TextEditorView.swift in Sources */,
				41652A642DA5747600213163 /* AddEstateView.swift in Sources */,
				41652A762DA57B5A00213163 /* EstateRepository.swift in Sources */,
				41652A682DA5749900213163 /* AddEstateViewModel.swift in Sources */,
				41652A6D2DA5764400213163 /* EstateModel.swift in Sources */,
				41652A382DA5701F00213163 /* EliteTest.xcdatamodeld in Sources */,
				4186A4372DA5FFCE00983978 /* ImageGridView.swift in Sources */,
				4186A4352DA5FB2200983978 /* ImagePicker.swift in Sources */,
				41652A2C2DA5701C00213163 /* EliteTestApp.swift in Sources */,
				41652A6A2DA575F500213163 /* HeaderView.swift in Sources */,
			);
			runOnlyForDeploymentPostprocessing = 0;
		};
		41652A392DA5701F00213163 /* Sources */ = {
			isa = PBXSourcesBuildPhase;
			buildActionMask = 2147483647;
			files = (
				41652A422DA5701F00213163 /* EliteTestTests.swift in Sources */,
			);
			runOnlyForDeploymentPostprocessing = 0;
		};
		41652A432DA5702000213163 /* Sources */ = {
			isa = PBXSourcesBuildPhase;
			buildActionMask = 2147483647;
			files = (
				41652A4E2DA5702000213163 /* EliteTestUITestsLaunchTests.swift in Sources */,
				41652A4C2DA5702000213163 /* EliteTestUITests.swift in Sources */,
			);
			runOnlyForDeploymentPostprocessing = 0;
		};
/* End PBXSourcesBuildPhase section */

/* Begin PBXTargetDependency section */
		41652A3F2DA5701F00213163 /* PBXTargetDependency */ = {
			isa = PBXTargetDependency;
			target = 41652A272DA5701C00213163 /* EliteTest */;
			targetProxy = 41652A3E2DA5701F00213163 /* PBXContainerItemProxy */;
		};
		41652A492DA5702000213163 /* PBXTargetDependency */ = {
			isa = PBXTargetDependency;
			target = 41652A272DA5701C00213163 /* EliteTest */;
			targetProxy = 41652A482DA5702000213163 /* PBXContainerItemProxy */;
		};
/* End PBXTargetDependency section */

/* Begin XCBuildConfiguration section */
		41652A4F2DA5702000213163 /* Debug */ = {
			isa = XCBuildConfiguration;
			buildSettings = {
				ALWAYS_SEARCH_USER_PATHS = NO;
				CLANG_ANALYZER_NONNULL = YES;
				CLANG_ANALYZER_NUMBER_OBJECT_CONVERSION = YES_AGGRESSIVE;
				CLANG_CXX_LANGUAGE_STANDARD = "gnu++20";
				CLANG_ENABLE_MODULES = YES;
				CLANG_ENABLE_OBJC_ARC = YES;
				CLANG_ENABLE_OBJC_WEAK = YES;
				CLANG_WARN_BLOCK_CAPTURE_AUTORELEASING = YES;
				CLANG_WARN_BOOL_CONVERSION = YES;
				CLANG_WARN_COMMA = YES;
				CLANG_WARN_CONSTANT_CONVERSION = YES;
				CLANG_WARN_DEPRECATED_OBJC_IMPLEMENTATIONS = YES;
				CLANG_WARN_DIRECT_OBJC_ISA_USAGE = YES_ERROR;
				CLANG_WARN_DOCUMENTATION_COMMENTS = YES;
				CLANG_WARN_EMPTY_BODY = YES;
				CLANG_WARN_ENUM_CONVERSION = YES;
				CLANG_WARN_INFINITE_RECURSION = YES;
				CLANG_WARN_INT_CONVERSION = YES;
				CLANG_WARN_NON_LITERAL_NULL_CONVERSION = YES;
				CLANG_WARN_OBJC_IMPLICIT_RETAIN_SELF = YES;
				CLANG_WARN_OBJC_LITERAL_CONVERSION = YES;
				CLANG_WARN_OBJC_ROOT_CLASS = YES_ERROR;
				CLANG_WARN_QUOTED_INCLUDE_IN_FRAMEWORK_HEADER = YES;
				CLANG_WARN_RANGE_LOOP_ANALYSIS = YES;
				CLANG_WARN_STRICT_PROTOTYPES = YES;
				CLANG_WARN_SUSPICIOUS_MOVE = YES;
				CLANG_WARN_UNGUARDED_AVAILABILITY = YES_AGGRESSIVE;
				CLANG_WARN_UNREACHABLE_CODE = YES;
				CLANG_WARN__DUPLICATE_METHOD_MATCH = YES;
				COPY_PHASE_STRIP = NO;
				DEBUG_INFORMATION_FORMAT = dwarf;
				ENABLE_STRICT_OBJC_MSGSEND = YES;
				ENABLE_TESTABILITY = YES;
				GCC_C_LANGUAGE_STANDARD = gnu11;
				GCC_DYNAMIC_NO_PIC = NO;
				GCC_NO_COMMON_BLOCKS = YES;
				GCC_OPTIMIZATION_LEVEL = 0;
				GCC_PREPROCESSOR_DEFINITIONS = (
					"DEBUG=1",
					"$(inherited)",
				);
				GCC_WARN_64_TO_32_BIT_CONVERSION = YES;
				GCC_WARN_ABOUT_RETURN_TYPE = YES_ERROR;
				GCC_WARN_UNDECLARED_SELECTOR = YES;
				GCC_WARN_UNINITIALIZED_AUTOS = YES_AGGRESSIVE;
				GCC_WARN_UNUSED_FUNCTION = YES;
				GCC_WARN_UNUSED_VARIABLE = YES;
				INFOPLIST_KEY_NSLocationWhenInUseUsageDescription = "Se necesita acceso a tu ubicación para mostrarla en el mapa y permitir la selección de la ubicación de la propiedad.\n";
				IPHONEOS_DEPLOYMENT_TARGET = 16.0;
				MTL_ENABLE_DEBUG_INFO = INCLUDE_SOURCE;
				MTL_FAST_MATH = YES;
				ONLY_ACTIVE_ARCH = YES;
				SDKROOT = iphoneos;
				SWIFT_ACTIVE_COMPILATION_CONDITIONS = DEBUG;
				SWIFT_OPTIMIZATION_LEVEL = "-Onone";
			};
			name = Debug;
		};
		41652A502DA5702000213163 /* Release */ = {
			isa = XCBuildConfiguration;
			buildSettings = {
				ALWAYS_SEARCH_USER_PATHS = NO;
				CLANG_ANALYZER_NONNULL = YES;
				CLANG_ANALYZER_NUMBER_OBJECT_CONVERSION = YES_AGGRESSIVE;
				CLANG_CXX_LANGUAGE_STANDARD = "gnu++20";
				CLANG_ENABLE_MODULES = YES;
				CLANG_ENABLE_OBJC_ARC = YES;
				CLANG_ENABLE_OBJC_WEAK = YES;
				CLANG_WARN_BLOCK_CAPTURE_AUTORELEASING = YES;
				CLANG_WARN_BOOL_CONVERSION = YES;
				CLANG_WARN_COMMA = YES;
				CLANG_WARN_CONSTANT_CONVERSION = YES;
				CLANG_WARN_DEPRECATED_OBJC_IMPLEMENTATIONS = YES;
				CLANG_WARN_DIRECT_OBJC_ISA_USAGE = YES_ERROR;
				CLANG_WARN_DOCUMENTATION_COMMENTS = YES;
				CLANG_WARN_EMPTY_BODY = YES;
				CLANG_WARN_ENUM_CONVERSION = YES;
				CLANG_WARN_INFINITE_RECURSION = YES;
				CLANG_WARN_INT_CONVERSION = YES;
				CLANG_WARN_NON_LITERAL_NULL_CONVERSION = YES;
				CLANG_WARN_OBJC_IMPLICIT_RETAIN_SELF = YES;
				CLANG_WARN_OBJC_LITERAL_CONVERSION = YES;
				CLANG_WARN_OBJC_ROOT_CLASS = YES_ERROR;
				CLANG_WARN_QUOTED_INCLUDE_IN_FRAMEWORK_HEADER = YES;
				CLANG_WARN_RANGE_LOOP_ANALYSIS = YES;
				CLANG_WARN_STRICT_PROTOTYPES = YES;
				CLANG_WARN_SUSPICIOUS_MOVE = YES;
				CLANG_WARN_UNGUARDED_AVAILABILITY = YES_AGGRESSIVE;
				CLANG_WARN_UNREACHABLE_CODE = YES;
				CLANG_WARN__DUPLICATE_METHOD_MATCH = YES;
				COPY_PHASE_STRIP = NO;
				DEBUG_INFORMATION_FORMAT = "dwarf-with-dsym";
				ENABLE_NS_ASSERTIONS = NO;
				ENABLE_STRICT_OBJC_MSGSEND = YES;
				GCC_C_LANGUAGE_STANDARD = gnu11;
				GCC_NO_COMMON_BLOCKS = YES;
				GCC_WARN_64_TO_32_BIT_CONVERSION = YES;
				GCC_WARN_ABOUT_RETURN_TYPE = YES_ERROR;
				GCC_WARN_UNDECLARED_SELECTOR = YES;
				GCC_WARN_UNINITIALIZED_AUTOS = YES_AGGRESSIVE;
				GCC_WARN_UNUSED_FUNCTION = YES;
				GCC_WARN_UNUSED_VARIABLE = YES;
				INFOPLIST_KEY_NSLocationWhenInUseUsageDescription = "Se necesita acceso a tu ubicación para mostrarla en el mapa y permitir la selección de la ubicación de la propiedad.\n";
				IPHONEOS_DEPLOYMENT_TARGET = 16.0;
				MTL_ENABLE_DEBUG_INFO = NO;
				MTL_FAST_MATH = YES;
				SDKROOT = iphoneos;
				SWIFT_COMPILATION_MODE = wholemodule;
				SWIFT_OPTIMIZATION_LEVEL = "-O";
				VALIDATE_PRODUCT = YES;
			};
			name = Release;
		};
		41652A522DA5702000213163 /* Debug */ = {
			isa = XCBuildConfiguration;
			buildSettings = {
				ASSETCATALOG_COMPILER_APPICON_NAME = AppIcon;
				ASSETCATALOG_COMPILER_GLOBAL_ACCENT_COLOR_NAME = AccentColor;
				CODE_SIGN_STYLE = Automatic;
				CURRENT_PROJECT_VERSION = 1;
				DEVELOPMENT_ASSET_PATHS = "\"EliteTest/Preview Content\"";
				ENABLE_PREVIEWS = YES;
				GENERATE_INFOPLIST_FILE = YES;
				INFOPLIST_KEY_UIApplicationSceneManifest_Generation = YES;
				INFOPLIST_KEY_UIApplicationSupportsIndirectInputEvents = YES;
				INFOPLIST_KEY_UILaunchScreen_Generation = YES;
				INFOPLIST_KEY_UISupportedInterfaceOrientations_iPad = "UIInterfaceOrientationPortrait UIInterfaceOrientationPortraitUpsideDown UIInterfaceOrientationLandscapeLeft UIInterfaceOrientationLandscapeRight";
				INFOPLIST_KEY_UISupportedInterfaceOrientations_iPhone = "UIInterfaceOrientationPortrait UIInterfaceOrientationLandscapeLeft UIInterfaceOrientationLandscapeRight";
				LD_RUNPATH_SEARCH_PATHS = (
					"$(inherited)",
					"@executable_path/Frameworks",
				);
				MARKETING_VERSION = 1.0;
				PRODUCT_BUNDLE_IDENTIFIER = RicardoErira.EliteTest;
				PRODUCT_NAME = "$(TARGET_NAME)";
				SWIFT_EMIT_LOC_STRINGS = YES;
				SWIFT_VERSION = 5.0;
				TARGETED_DEVICE_FAMILY = "1,2";
			};
			name = Debug;
		};
		41652A532DA5702000213163 /* Release */ = {
			isa = XCBuildConfiguration;
			buildSettings = {
				ASSETCATALOG_COMPILER_APPICON_NAME = AppIcon;
				ASSETCATALOG_COMPILER_GLOBAL_ACCENT_COLOR_NAME = AccentColor;
				CODE_SIGN_STYLE = Automatic;
				CURRENT_PROJECT_VERSION = 1;
				DEVELOPMENT_ASSET_PATHS = "\"EliteTest/Preview Content\"";
				ENABLE_PREVIEWS = YES;
				GENERATE_INFOPLIST_FILE = YES;
				INFOPLIST_KEY_UIApplicationSceneManifest_Generation = YES;
				INFOPLIST_KEY_UIApplicationSupportsIndirectInputEvents = YES;
				INFOPLIST_KEY_UILaunchScreen_Generation = YES;
				INFOPLIST_KEY_UISupportedInterfaceOrientations_iPad = "UIInterfaceOrientationPortrait UIInterfaceOrientationPortraitUpsideDown UIInterfaceOrientationLandscapeLeft UIInterfaceOrientationLandscapeRight";
				INFOPLIST_KEY_UISupportedInterfaceOrientations_iPhone = "UIInterfaceOrientationPortrait UIInterfaceOrientationLandscapeLeft UIInterfaceOrientationLandscapeRight";
				LD_RUNPATH_SEARCH_PATHS = (
					"$(inherited)",
					"@executable_path/Frameworks",
				);
				MARKETING_VERSION = 1.0;
				PRODUCT_BUNDLE_IDENTIFIER = RicardoErira.EliteTest;
				PRODUCT_NAME = "$(TARGET_NAME)";
				SWIFT_EMIT_LOC_STRINGS = YES;
				SWIFT_VERSION = 5.0;
				TARGETED_DEVICE_FAMILY = "1,2";
			};
			name = Release;
		};
		41652A552DA5702000213163 /* Debug */ = {
			isa = XCBuildConfiguration;
			buildSettings = {
				ALWAYS_EMBED_SWIFT_STANDARD_LIBRARIES = YES;
				BUNDLE_LOADER = "$(TEST_HOST)";
				CODE_SIGN_STYLE = Automatic;
				CURRENT_PROJECT_VERSION = 1;
				GENERATE_INFOPLIST_FILE = YES;
				IPHONEOS_DEPLOYMENT_TARGET = 16.0;
				MARKETING_VERSION = 1.0;
				PRODUCT_BUNDLE_IDENTIFIER = RicardoErira.EliteTestTests;
				PRODUCT_NAME = "$(TARGET_NAME)";
				SWIFT_EMIT_LOC_STRINGS = NO;
				SWIFT_VERSION = 5.0;
				TARGETED_DEVICE_FAMILY = "1,2";
				TEST_HOST = "$(BUILT_PRODUCTS_DIR)/EliteTest.app/$(BUNDLE_EXECUTABLE_FOLDER_PATH)/EliteTest";
			};
			name = Debug;
		};
		41652A562DA5702000213163 /* Release */ = {
			isa = XCBuildConfiguration;
			buildSettings = {
				ALWAYS_EMBED_SWIFT_STANDARD_LIBRARIES = YES;
				BUNDLE_LOADER = "$(TEST_HOST)";
				CODE_SIGN_STYLE = Automatic;
				CURRENT_PROJECT_VERSION = 1;
				GENERATE_INFOPLIST_FILE = YES;
				IPHONEOS_DEPLOYMENT_TARGET = 16.0;
				MARKETING_VERSION = 1.0;
				PRODUCT_BUNDLE_IDENTIFIER = RicardoErira.EliteTestTests;
				PRODUCT_NAME = "$(TARGET_NAME)";
				SWIFT_EMIT_LOC_STRINGS = NO;
				SWIFT_VERSION = 5.0;
				TARGETED_DEVICE_FAMILY = "1,2";
				TEST_HOST = "$(BUILT_PRODUCTS_DIR)/EliteTest.app/$(BUNDLE_EXECUTABLE_FOLDER_PATH)/EliteTest";
			};
			name = Release;
		};
		41652A582DA5702000213163 /* Debug */ = {
			isa = XCBuildConfiguration;
			buildSettings = {
				ALWAYS_EMBED_SWIFT_STANDARD_LIBRARIES = YES;
				CODE_SIGN_STYLE = Automatic;
				CURRENT_PROJECT_VERSION = 1;
				GENERATE_INFOPLIST_FILE = YES;
				MARKETING_VERSION = 1.0;
				PRODUCT_BUNDLE_IDENTIFIER = RicardoErira.EliteTestUITests;
				PRODUCT_NAME = "$(TARGET_NAME)";
				SWIFT_EMIT_LOC_STRINGS = NO;
				SWIFT_VERSION = 5.0;
				TARGETED_DEVICE_FAMILY = "1,2";
				TEST_TARGET_NAME = EliteTest;
			};
			name = Debug;
		};
		41652A592DA5702000213163 /* Release */ = {
			isa = XCBuildConfiguration;
			buildSettings = {
				ALWAYS_EMBED_SWIFT_STANDARD_LIBRARIES = YES;
				CODE_SIGN_STYLE = Automatic;
				CURRENT_PROJECT_VERSION = 1;
				GENERATE_INFOPLIST_FILE = YES;
				MARKETING_VERSION = 1.0;
				PRODUCT_BUNDLE_IDENTIFIER = RicardoErira.EliteTestUITests;
				PRODUCT_NAME = "$(TARGET_NAME)";
				SWIFT_EMIT_LOC_STRINGS = NO;
				SWIFT_VERSION = 5.0;
				TARGETED_DEVICE_FAMILY = "1,2";
				TEST_TARGET_NAME = EliteTest;
			};
			name = Release;
		};
/* End XCBuildConfiguration section */

/* Begin XCConfigurationList section */
		41652A232DA5701C00213163 /* Build configuration list for PBXProject "EliteTest" */ = {
			isa = XCConfigurationList;
			buildConfigurations = (
				41652A4F2DA5702000213163 /* Debug */,
				41652A502DA5702000213163 /* Release */,
			);
			defaultConfigurationIsVisible = 0;
			defaultConfigurationName = Release;
		};
		41652A512DA5702000213163 /* Build configuration list for PBXNativeTarget "EliteTest" */ = {
			isa = XCConfigurationList;
			buildConfigurations = (
				41652A522DA5702000213163 /* Debug */,
				41652A532DA5702000213163 /* Release */,
			);
			defaultConfigurationIsVisible = 0;
			defaultConfigurationName = Release;
		};
		41652A542DA5702000213163 /* Build configuration list for PBXNativeTarget "EliteTestTests" */ = {
			isa = XCConfigurationList;
			buildConfigurations = (
				41652A552DA5702000213163 /* Debug */,
				41652A562DA5702000213163 /* Release */,
			);
			defaultConfigurationIsVisible = 0;
			defaultConfigurationName = Release;
		};
		41652A572DA5702000213163 /* Build configuration list for PBXNativeTarget "EliteTestUITests" */ = {
			isa = XCConfigurationList;
			buildConfigurations = (
				41652A582DA5702000213163 /* Debug */,
				41652A592DA5702000213163 /* Release */,
			);
			defaultConfigurationIsVisible = 0;
			defaultConfigurationName = Release;
		};
/* End XCConfigurationList section */

/* Begin XCRemoteSwiftPackageReference section */
		4186A42D2DA5EA5200983978 /* XCRemoteSwiftPackageReference "ios-maps-sdk" */ = {
			isa = XCRemoteSwiftPackageReference;
			repositoryURL = "https://github.com/googlemaps/ios-maps-sdk";
			requirement = {
				kind = exactVersion;
				version = 9.0.0;
			};
		};
/* End XCRemoteSwiftPackageReference section */

/* Begin XCSwiftPackageProductDependency section */
		4186A42E2DA5EA5200983978 /* GoogleMaps */ = {
			isa = XCSwiftPackageProductDependency;
			package = 4186A42D2DA5EA5200983978 /* XCRemoteSwiftPackageReference "ios-maps-sdk" */;
			productName = GoogleMaps;
		};
/* End XCSwiftPackageProductDependency section */

/* Begin XCVersionGroup section */
		41652A362DA5701F00213163 /* EliteTest.xcdatamodeld */ = {
			isa = XCVersionGroup;
			children = (
				41652A372DA5701F00213163 /* EliteTest.xcdatamodel */,
			);
			currentVersion = 41652A372DA5701F00213163 /* EliteTest.xcdatamodel */;
			path = EliteTest.xcdatamodeld;
			sourceTree = "<group>";
			versionGroupType = wrapper.xcdatamodel;
		};
/* End XCVersionGroup section */
	};
	rootObject = 41652A202DA5701C00213163 /* Project object */;
}
